
Microsoft Visual Studio Solution File, Format Version 12.00
# Visual Studio Version 17
VisualStudioVersion = 17.13.35931.197 d17.13
MinimumVisualStudioVersion = 10.0.40219.1
Project("{FAE04EC0-301F-11D3-BF4B-00C04F79EFBC}") = "xml_parser", "xml_parser.csproj", "{23051186-1261-4337-8E87-AB66EB4F7B5C}"
EndProject
Global
	GlobalSection(SolutionConfigurationPlatforms) = preSolution
		Debug|Any CPU = Debug|Any CPU
		Release|Any CPU = Release|Any CPU
	EndGlobalSection
	GlobalSection(ProjectConfigurationPlatforms) = postSolution
		{23051186-1261-4337-8E87-AB66EB4F7B5C}.Debug|Any CPU.ActiveCfg = Debug|Any CPU
		{23051186-1261-4337-8E87-AB66EB4F7B5C}.Debug|Any CPU.Build.0 = Debug|Any CPU
		{23051186-1261-4337-8E87-AB66EB4F7B5C}.Release|Any CPU.ActiveCfg = Release|Any CPU
		{23051186-1261-4337-8E87-AB66EB4F7B5C}.Release|Any CPU.Build.0 = Release|Any CPU
	EndGlobalSection
	GlobalSection(SolutionProperties) = preSolution
		HideSolutionNode = FALSE
	EndGlobalSection
	GlobalSection(ExtensibilityGlobals) = postSolution
		SolutionGuid = {36F81E46-86DD-45A1-A370-C119995AC4AA}
	EndGlobalSection
EndGlobal
